
Microsoft Visual Studio Solution File, Format Version 12.00
# Visual Studio Version 17
VisualStudioVersion = 17.6.33723.286
MinimumVisualStudioVersion = 10.0.40219.1
Project("{FAE04EC0-301F-11D3-BF4B-00C04F79EFBC}") = "NetCore6APIMySQLCars", "NetCore6APIMySQLCars\NetCore6APIMySQLCars.csproj", "{D72D4B9F-2754-4198-8792-5D064BB954BD}"
EndProject
Global
	GlobalSection(SolutionConfigurationPlatforms) = preSolution
		Debug|Any CPU = Debug|Any CPU
		Release|Any CPU = Release|Any CPU
	EndGlobalSection
	GlobalSection(ProjectConfigurationPlatforms) = postSolution
		{D72D4B9F-2754-4198-8792-5D064BB954BD}.Debug|Any CPU.ActiveCfg = Debug|Any CPU
		{D72D4B9F-2754-4198-8792-5D064BB954BD}.Debug|Any CPU.Build.0 = Debug|Any CPU
		{D72D4B9F-2754-4198-8792-5D064BB954BD}.Release|Any CPU.ActiveCfg = Release|Any CPU
		{D72D4B9F-2754-4198-8792-5D064BB954BD}.Release|Any CPU.Build.0 = Release|Any CPU
	EndGlobalSection
	GlobalSection(SolutionProperties) = preSolution
		HideSolutionNode = FALSE
	EndGlobalSection
	GlobalSection(ExtensibilityGlobals) = postSolution
		SolutionGuid = {CDF55843-1D18-40CC-B88E-C3FFB1AACC75}
	EndGlobalSection
EndGlobal
